{"format_version":"1.0","provider_schemas":{"registry.terraform.io/hops-ops/openpanel":{"provider":{"version":0,"block":{"attributes":{"client_id":{"type":"string","description":"OpenPanel root-typed Client ID. Sent as the `openpanel-client-id` header. Falls back to `OPENPANEL_CLIENT_ID`. Used when `oidc` and `token` are not configured.","description_kind":"markdown","optional":true,"sensitive":true},"client_secret":{"type":"string","description":"OpenPanel root-typed Client Secret (the `sec_*` value). Sent as the `openpanel-client-secret` header. Falls back to `OPENPANEL_CLIENT_SECRET`.","description_kind":"markdown","optional":true,"sensitive":true},"host":{"type":"string","description":"Base URL of the OpenPanel API (e.g. `https://analytics.example.com`). The provider appends `/api/manage/...` for requests. Falls back to the `OPENPANEL_HOST` environment variable.","description_kind":"markdown","optional":true},"token":{"type":"string","description":"Static OIDC Bearer token. The provider passes this through as `Authorization: Bearer \u003ctoken\u003e` without refreshing. Falls back to `OPENPANEL_TOKEN`. Use this when an external tool already manages JWT issuance.","description_kind":"markdown","optional":true,"sensitive":true}},"block_types":{"oidc":{"nesting_mode":"single","block":{"attributes":{"audience":{"type":"string","description":"Requested audience for the issued JWT. Must match the OpenPanel api pod's `ADMIN_OIDC_AUDIENCE`. Falls back to `OPENPANEL_OIDC_AUDIENCE`.","description_kind":"markdown","optional":true},"client_id":{"type":"string","description":"OIDC ServiceUser client ID. Falls back to `OPENPANEL_OIDC_CLIENT_ID`.","description_kind":"markdown","optional":true,"sensitive":true},"client_secret":{"type":"string","description":"OIDC ServiceUser client secret. Falls back to `OPENPANEL_OIDC_CLIENT_SECRET`.","description_kind":"markdown","optional":true,"sensitive":true},"issuer":{"type":"string","description":"OIDC issuer base URL (e.g. `https://auth.example.com`). The provider fetches `\u003cissuer\u003e/.well-known/openid-configuration` to discover the token endpoint. Falls back to `OPENPANEL_OIDC_ISSUER`.","description_kind":"markdown","optional":true}},"description":"Authenticate via the OAuth2 `client_credentials` grant against an OIDC issuer. The provider mints a JWT, caches it until ~60s before expiry, then refreshes transparently. Requires the OpenPanel api pod to have `ADMIN_OIDC_ISSUER` configured.","description_kind":"markdown"}}},"description":"Terraform provider for OpenPanel (https://openpanel.dev). Manages Projects, Clients, and References via the `/manage` REST API.","description_kind":"markdown"}},"resource_schemas":{"openpanel_client":{"version":0,"block":{"attributes":{"cors":{"type":["list","string"],"description":"List of allowed origins (write clients only).","description_kind":"markdown","optional":true,"computed":true},"created_at":{"type":"string","description_kind":"plain","computed":true},"id":{"type":"string","description":"Client ID assigned by OpenPanel. Used as the SDK's `clientId` and the `openpanel-client-id` header value.","description_kind":"markdown","computed":true},"name":{"type":"string","description":"Human-readable name shown in the OpenPanel dashboard.","description_kind":"markdown","required":true},"project_id":{"type":"string","description":"Owning Project ID. Required.","description_kind":"markdown","required":true},"secret":{"type":"string","description":"The `sec_*` secret. Populated only at create-time; subsequent reads return null.","description_kind":"markdown","computed":true,"sensitive":true},"type":{"type":"string","description":"One of `read`, `write`, `root`. Drives which API surfaces accept this Client. Immutable after create.","description_kind":"markdown","required":true},"updated_at":{"type":"string","description_kind":"plain","computed":true}},"description":"An OpenPanel SDK credential (Client). `type=write` is what your front-end SDK ships with; `type=read` reads analytics out via the API; `type=root` can call `/manage`. The secret is returned only on create.","description_kind":"markdown"}},"openpanel_organization":{"version":0,"block":{"attributes":{"created_at":{"type":"string","description_kind":"plain","computed":true},"id":{"type":"string","description":"Organization ID. Slugified from the name when not specified at create-time.","description_kind":"markdown","computed":true},"name":{"type":"string","description":"Human-readable Organization name. Shown in the OpenPanel dashboard.","description_kind":"markdown","required":true},"timezone":{"type":"string","description":"IANA timezone (e.g. `America/Chicago`). Drives the dashboard's default reporting window.","description_kind":"markdown","optional":true,"computed":true},"updated_at":{"type":"string","description_kind":"plain","computed":true}},"description":"An OpenPanel Organization. The top-level tenant primitive; scopes Projects, Clients, References, and Members.","description_kind":"markdown"}},"openpanel_project":{"version":0,"block":{"attributes":{"cors":{"type":["list","string"],"description":"List of allowed origins for the Project's write clients (the JS SDK CORS allowlist).","description_kind":"markdown","optional":true,"computed":true},"created_at":{"type":"string","description":"RFC 3339 timestamp.","description_kind":"markdown","computed":true},"domain":{"type":"string","description":"Primary site domain associated with the Project. Optional metadata.","description_kind":"markdown","optional":true},"id":{"type":"string","description":"Project ID assigned by OpenPanel.","description_kind":"markdown","computed":true},"name":{"type":"string","description":"Human-readable Project name. Shown in the OpenPanel dashboard.","description_kind":"markdown","required":true},"organization_id":{"type":"string","description":"ID of the Organization this Project belongs to. Inferred from the provider's root Client credential.","description_kind":"markdown","computed":true},"updated_at":{"type":"string","description":"RFC 3339 timestamp.","description_kind":"markdown","computed":true}},"description":"An OpenPanel Project. Projects scope SDK clients and event references; they are the unit a tenant app integrates against.","description_kind":"markdown"}},"openpanel_reference":{"version":0,"block":{"attributes":{"created_at":{"type":"string","description_kind":"plain","computed":true},"date":{"type":"string","description":"RFC 3339 timestamp the reference annotates.","description_kind":"markdown","required":true},"description":{"type":"string","description_kind":"plain","optional":true},"id":{"type":"string","description_kind":"plain","computed":true},"project_id":{"type":"string","description":"Owning Project ID.","description_kind":"markdown","required":true},"title":{"type":"string","description_kind":"plain","required":true},"updated_at":{"type":"string","description_kind":"plain","computed":true}},"description":"A Reference annotates an event in the OpenPanel timeline (deploy, campaign, incident). Surfaces on dashboards alongside the analytics.","description_kind":"markdown"}}}}}}
