{"format_version":"1.0","provider_schemas":{"registry.terraform.io/hops-ops/openpanel":{"provider":{"version":0,"block":{"attributes":{"client_id":{"type":"string","description":"OpenPanel root-typed Client ID. Sent as the `openpanel-client-id` header. Falls back to `OPENPANEL_CLIENT_ID`. Used when `oidc` and `token` are not configured.","description_kind":"markdown","optional":true,"sensitive":true},"client_secret":{"type":"string","description":"OpenPanel root-typed Client Secret (the `sec_*` value). Sent as the `openpanel-client-secret` header. Falls back to `OPENPANEL_CLIENT_SECRET`.","description_kind":"markdown","optional":true,"sensitive":true},"host":{"type":"string","description":"Base URL of the OpenPanel API (e.g. `https://analytics.example.com`). The provider appends `/api/manage/...` for requests. Falls back to the `OPENPANEL_HOST` environment variable.","description_kind":"markdown","optional":true},"token":{"type":"string","description":"Static OIDC Bearer token. The provider passes this through as `Authorization: Bearer \u003ctoken\u003e` without refreshing. Falls back to `OPENPANEL_TOKEN`. Use this when an external tool already manages JWT issuance.","description_kind":"markdown","optional":true,"sensitive":true}},"block_types":{"oidc":{"nesting_mode":"single","block":{"attributes":{"audience":{"type":"string","description":"Requested audience for the issued JWT. Must match the OpenPanel api pod's `ADMIN_OIDC_AUDIENCE`. Falls back to `OPENPANEL_OIDC_AUDIENCE`.","description_kind":"markdown","optional":true},"client_id":{"type":"string","description":"OIDC ServiceUser client ID. Falls back to `OPENPANEL_OIDC_CLIENT_ID`.","description_kind":"markdown","optional":true,"sensitive":true},"client_secret":{"type":"string","description":"OIDC ServiceUser client secret. Falls back to `OPENPANEL_OIDC_CLIENT_SECRET`.","description_kind":"markdown","optional":true,"sensitive":true},"issuer":{"type":"string","description":"OIDC issuer base URL (e.g. `https://auth.example.com`). The provider fetches `\u003cissuer\u003e/.well-known/openid-configuration` to discover the token endpoint. Falls back to `OPENPANEL_OIDC_ISSUER`.","description_kind":"markdown","optional":true}},"description":"Authenticate via the OAuth2 `client_credentials` grant against an OIDC issuer. The provider mints a JWT, caches it until ~60s before expiry, then refreshes transparently. Requires the OpenPanel api pod to have `ADMIN_OIDC_ISSUER` configured.","description_kind":"markdown"}}},"description":"Terraform provider for OpenPanel (https://openpanel.dev). Manages Projects, Clients, and References via the `/manage` REST API.","description_kind":"markdown"}},"resource_schemas":{"openpanel_client":{"version":0,"block":{"attributes":{"cors":{"type":["list","string"],"description":"List of allowed origins (write clients only).","description_kind":"markdown","optional":true,"computed":true},"created_at":{"type":"string","description_kind":"plain","computed":true},"id":{"type":"string","description":"Client ID assigned by OpenPanel. Used as the SDK's `clientId` and the `openpanel-client-id` header value.","description_kind":"markdown","computed":true},"name":{"type":"string","description":"Human-readable name shown in the OpenPanel dashboard.","description_kind":"markdown","required":true},"project_id":{"type":"string","description":"Owning Project ID. Required.","description_kind":"markdown","required":true},"secret":{"type":"string","description":"The `sec_*` secret. Populated only at create-time; subsequent reads return null.","description_kind":"markdown","computed":true,"sensitive":true},"type":{"type":"string","description":"One of `read`, `write`, `root`. Drives which API surfaces accept this Client. Immutable after create.","description_kind":"markdown","required":true},"updated_at":{"type":"string","description_kind":"plain","computed":true}},"description":"An OpenPanel SDK credential (Client). `type=write` is what your front-end SDK ships with; `type=read` reads analytics out via the API; `type=root` can call `/manage`. The secret is returned only on create.","description_kind":"markdown"}},"openpanel_organization":{"version":0,"block":{"attributes":{"created_at":{"type":"string","description_kind":"plain","computed":true},"id":{"type":"string","description":"Organization ID. Slugified from the name when not specified at create-time.","description_kind":"markdown","computed":true},"name":{"type":"string","description":"Human-readable Organization name. Shown in the OpenPanel dashboard.","description_kind":"markdown","required":true},"timezone":{"type":"string","description":"IANA timezone (e.g. `America/Chicago`). Drives the dashboard's default reporting window.","description_kind":"markdown","optional":true,"computed":true},"updated_at":{"type":"string","description_kind":"plain","computed":true}},"description":"An OpenPanel Organization. The top-level tenant primitive; scopes Projects, Clients, References, and Members.","description_kind":"markdown"}},"openpanel_organization_sso_config":{"version":0,"block":{"attributes":{"created_at":{"type":"string","description_kind":"plain","computed":true},"display_name":{"type":"string","description":"User-facing label shown on the `/login` SSO button. Defaults to \"Single Sign-On\".","description_kind":"markdown","optional":true,"computed":true},"enforced_for_domains":{"type":["list","string"],"description":"Email domains routed to this Organization's SSO at sign-in time. Example: `[\"acme.com\", \"acme.co.uk\"]`.","description_kind":"markdown","optional":true,"computed":true},"has_oidc_client_secret":{"type":"bool","description":"Reported by the server on every read — `true` once a secret has been written. Useful for catching drift when an out-of-band edit clears the secret.","description_kind":"markdown","computed":true},"id":{"type":"string","description":"Server-assigned UUID of the SSO config row. Equal to the organization_id in practice but the API exposes a distinct id field.","description_kind":"markdown","computed":true},"is_required":{"type":"bool","description":"When `true`, members of this Organization cannot sign in with email + password. They must use SSO. Test the flow end-to-end before flipping.","description_kind":"markdown","optional":true,"computed":true},"oidc_authorization_endpoint":{"type":"string","description":"IdP's OAuth 2.0 authorization endpoint (e.g. `https://auth.example.com/oauth/v2/authorize`).","description_kind":"markdown","required":true},"oidc_client_id":{"type":"string","description":"OIDC `client_id` issued by your IdP for this OpenPanel install.","description_kind":"markdown","required":true},"oidc_client_secret":{"type":"string","description":"OIDC `client_secret`. Cleartext crosses TLS once on write, encrypted at rest server-side, and NEVER returned on read. Mark this value as sensitive in the calling Terraform config; consider sourcing it from a SecretsManager `data` source rather than literal HCL.","description_kind":"markdown","required":true,"sensitive":true},"oidc_jwks_uri":{"type":"string","description":"Optional JWKS endpoint for ID-token signature verification.","description_kind":"markdown","optional":true},"oidc_token_endpoint":{"type":"string","description":"IdP's OAuth 2.0 token endpoint (e.g. `https://auth.example.com/oauth/v2/token`).","description_kind":"markdown","required":true},"organization_id":{"type":"string","description":"ID of the OpenPanel Organization this SSO config belongs to. Immutable after create.","description_kind":"markdown","required":true},"provider_type":{"type":"string","description":"SSO provider type. Only `OIDC` is supported in v1. (Named `provider_type` rather than `provider` to avoid the Terraform-reserved `provider` block-aliased attribute name.)","description_kind":"markdown","optional":true,"computed":true},"updated_at":{"type":"string","description_kind":"plain","computed":true}},"description":"Per-organization OIDC SSO configuration. Routes `/login` for users whose email domain matches one of the configured `enforced_for_domains`, and (when `is_required = true`) blocks email/password sign-in for existing members. 1:1 with `openpanel_organization`.","description_kind":"markdown"}},"openpanel_project":{"version":0,"block":{"attributes":{"cors":{"type":["list","string"],"description":"List of allowed origins for the Project's write clients (the JS SDK CORS allowlist).","description_kind":"markdown","optional":true,"computed":true},"created_at":{"type":"string","description":"RFC 3339 timestamp.","description_kind":"markdown","computed":true},"domain":{"type":"string","description":"Primary site domain associated with the Project. Optional metadata.","description_kind":"markdown","optional":true},"id":{"type":"string","description":"Project ID assigned by OpenPanel.","description_kind":"markdown","computed":true},"name":{"type":"string","description":"Human-readable Project name. Shown in the OpenPanel dashboard.","description_kind":"markdown","required":true},"organization_id":{"type":"string","description":"ID of the Organization this Project belongs to. Inferred from the provider's root Client credential.","description_kind":"markdown","computed":true},"updated_at":{"type":"string","description":"RFC 3339 timestamp.","description_kind":"markdown","computed":true}},"description":"An OpenPanel Project. Projects scope SDK clients and event references; they are the unit a tenant app integrates against.","description_kind":"markdown"}},"openpanel_reference":{"version":0,"block":{"attributes":{"created_at":{"type":"string","description_kind":"plain","computed":true},"date":{"type":"string","description":"RFC 3339 timestamp the reference annotates.","description_kind":"markdown","required":true},"description":{"type":"string","description_kind":"plain","optional":true},"id":{"type":"string","description_kind":"plain","computed":true},"project_id":{"type":"string","description":"Owning Project ID.","description_kind":"markdown","required":true},"title":{"type":"string","description_kind":"plain","required":true},"updated_at":{"type":"string","description_kind":"plain","computed":true}},"description":"A Reference annotates an event in the OpenPanel timeline (deploy, campaign, incident). Surfaces on dashboards alongside the analytics.","description_kind":"markdown"}}}}}}
